
Microsoft Visual Studio Solution File, Format Version 12.00
# Visual Studio Version 17
VisualStudioVersion = 17.8.34330.188
MinimumVisualStudioVersion = 10.0.40219.1
Project("{FAE04EC0-301F-11D3-BF4B-00C04F79EFBC}") = "TicTacToe", "TicTacToe\TicTacToe.csproj", "{FBB012EF-DB9F-428A-A347-D1F1AD9B18C5}"
EndProject
Global
	GlobalSection(SolutionConfigurationPlatforms) = preSolution
		Debug|Any CPU = Debug|Any CPU
		Release|Any CPU = Release|Any CPU
	EndGlobalSection
	GlobalSection(ProjectConfigurationPlatforms) = postSolution
		{FBB012EF-DB9F-428A-A347-D1F1AD9B18C5}.Debug|Any CPU.ActiveCfg = Debug|Any CPU
		{FBB012EF-DB9F-428A-A347-D1F1AD9B18C5}.Debug|Any CPU.Build.0 = Debug|Any CPU
		{FBB012EF-DB9F-428A-A347-D1F1AD9B18C5}.Release|Any CPU.ActiveCfg = Release|Any CPU
		{FBB012EF-DB9F-428A-A347-D1F1AD9B18C5}.Release|Any CPU.Build.0 = Release|Any CPU
	EndGlobalSection
	GlobalSection(SolutionProperties) = preSolution
		HideSolutionNode = FALSE
	EndGlobalSection
	GlobalSection(ExtensibilityGlobals) = postSolution
		SolutionGuid = {2A8834C0-7424-40DB-ACB2-2FFCADA5D309}
	EndGlobalSection
EndGlobal
